
Microsoft Visual Studio Solution File, Format Version 12.00
# Visual Studio Version 16
VisualStudioVersion = 16.0.30225.117
MinimumVisualStudioVersion = 10.0.40219.1
Project("{FAE04EC0-301F-11D3-BF4B-00C04F79EFBC}") = "Banguilan_Exercise04", "Banguilan_Exercise04.csproj", "{AA6417ED-8A4C-4D3E-9A5D-6A56AD05BCF9}"
EndProject
Global
	GlobalSection(SolutionConfigurationPlatforms) = preSolution
		Debug|Any CPU = Debug|Any CPU
		Release|Any CPU = Release|Any CPU
	EndGlobalSection
	GlobalSection(ProjectConfigurationPlatforms) = postSolution
		{AA6417ED-8A4C-4D3E-9A5D-6A56AD05BCF9}.Debug|Any CPU.ActiveCfg = Debug|Any CPU
		{AA6417ED-8A4C-4D3E-9A5D-6A56AD05BCF9}.Debug|Any CPU.Build.0 = Debug|Any CPU
		{AA6417ED-8A4C-4D3E-9A5D-6A56AD05BCF9}.Release|Any CPU.ActiveCfg = Release|Any CPU
		{AA6417ED-8A4C-4D3E-9A5D-6A56AD05BCF9}.Release|Any CPU.Build.0 = Release|Any CPU
	EndGlobalSection
	GlobalSection(SolutionProperties) = preSolution
		HideSolutionNode = FALSE
	EndGlobalSection
	GlobalSection(ExtensibilityGlobals) = postSolution
		SolutionGuid = {8B5A8E14-7AE3-463C-83D0-4DF100E7C97A}
	EndGlobalSection
EndGlobal
